
Microsoft Visual Studio Solution File, Format Version 12.00
# Visual Studio 15
VisualStudioVersion = 15.0.28010.2026
MinimumVisualStudioVersion = 10.0.40219.1
Project("{FAE04EC0-301F-11D3-BF4B-00C04F79EFBC}") = "WebApiDemo", "WebApiDemo\WebApiDemo.csproj", "{AE43149D-5A0D-4D6B-98C0-714BE78D218E}"
EndProject
Project("{FAE04EC0-301F-11D3-BF4B-00C04F79EFBC}") = "DemoApiTes", "DemoApiTes\DemoApiTes.csproj", "{EE435B40-3A69-4457-9B6F-7B01EA136089}"
EndProject
Global
	GlobalSection(SolutionConfigurationPlatforms) = preSolution
		Debug|Any CPU = Debug|Any CPU
		Release|Any CPU = Release|Any CPU
	EndGlobalSection
	GlobalSection(ProjectConfigurationPlatforms) = postSolution
		{AE43149D-5A0D-4D6B-98C0-714BE78D218E}.Debug|Any CPU.ActiveCfg = Debug|Any CPU
		{AE43149D-5A0D-4D6B-98C0-714BE78D218E}.Debug|Any CPU.Build.0 = Debug|Any CPU
		{AE43149D-5A0D-4D6B-98C0-714BE78D218E}.Release|Any CPU.ActiveCfg = Release|Any CPU
		{AE43149D-5A0D-4D6B-98C0-714BE78D218E}.Release|Any CPU.Build.0 = Release|Any CPU
		{EE435B40-3A69-4457-9B6F-7B01EA136089}.Debug|Any CPU.ActiveCfg = Debug|Any CPU
		{EE435B40-3A69-4457-9B6F-7B01EA136089}.Debug|Any CPU.Build.0 = Debug|Any CPU
		{EE435B40-3A69-4457-9B6F-7B01EA136089}.Release|Any CPU.ActiveCfg = Release|Any CPU
		{EE435B40-3A69-4457-9B6F-7B01EA136089}.Release|Any CPU.Build.0 = Release|Any CPU
	EndGlobalSection
	GlobalSection(SolutionProperties) = preSolution
		HideSolutionNode = FALSE
	EndGlobalSection
	GlobalSection(ExtensibilityGlobals) = postSolution
		SolutionGuid = {94C3EAAD-94EE-4E15-964F-CB761DEF13B7}
	EndGlobalSection
EndGlobal
